
Microsoft Visual Studio Solution File, Format Version 12.00
# Visual Studio Version 17
VisualStudioVersion = 17.14.36414.22
MinimumVisualStudioVersion = 10.0.40219.1
Project("{FAE04EC0-301F-11D3-BF4B-00C04F79EFBC}") = "Tyuiu.KovalenkoMA.Sprint6.Task0.V18.Lib", "Tyuiu.KovalenkoMA.Sprint6.Task0.V18.Lib\Tyuiu.KovalenkoMA.Sprint6.Task0.V18.Lib.csproj", "{46446472-29F9-4EF2-8054-E078414467C0}"
EndProject
Project("{FAE04EC0-301F-11D3-BF4B-00C04F79EFBC}") = "Tyuiu.KovalenkoMA.Sprint6.Task0.V18.Test", "Tyuiu.KovalenkoMA.Sprint6.Task0.V18.Test\Tyuiu.KovalenkoMA.Sprint6.Task0.V18.Test.csproj", "{8FA594B7-753D-40EA-8E04-03BDAB4C3D10}"
EndProject
Project("{2150E333-8FDC-42A3-9474-1A3956D46DE8}") = "Task1", "Task1", "{02EA681E-C7D8-13C7-8484-4AC65E1B71E8}"
EndProject
Project("{2150E333-8FDC-42A3-9474-1A3956D46DE8}") = "Task2", "Task2", "{05B57A94-1367-4B97-A0D7-8ABF10B0401A}"
EndProject
Project("{2150E333-8FDC-42A3-9474-1A3956D46DE8}") = "Task3", "Task3", "{49BA7A8A-6DB4-404B-9F20-4B1D3DD6D3C3}"
EndProject
Project("{2150E333-8FDC-42A3-9474-1A3956D46DE8}") = "Task4", "Task4", "{2FEFEC8F-A563-4A71-98A6-091FBAB3A4A9}"
EndProject
Project("{2150E333-8FDC-42A3-9474-1A3956D46DE8}") = "Task5", "Task5", "{1AB3B3CD-861C-4EA2-A0EE-D139A42E2BBE}"
EndProject
Project("{2150E333-8FDC-42A3-9474-1A3956D46DE8}") = "Task6", "Task6", "{FC890232-DF62-41E8-87C4-7A45FF5B4A88}"
EndProject
Project("{2150E333-8FDC-42A3-9474-1A3956D46DE8}") = "Task7", "Task7", "{EBBD55FE-8E7D-4D41-91D8-C70E8438BB82}"
EndProject
Project("{FAE04EC0-301F-11D3-BF4B-00C04F79EFBC}") = "Tyuiu.KovalenkoMA.Sprint6.Task0.V18", "Tyuiu.KovalenkoMA.Sprint6.Task0.V18\Tyuiu.KovalenkoMA.Sprint6.Task0.V18.csproj", "{4C70B744-CDF8-4198-BAF3-ED70C4FD11A8}"
EndProject
Project("{FAE04EC0-301F-11D3-BF4B-00C04F79EFBC}") = "Tyuiu.KovalenkoMA.Sprint6.Task1.V28.Lib", "Tyuiu.KovalenkoMA.Sprint6.Task1.V28.Lib\Tyuiu.KovalenkoMA.Sprint6.Task1.V28.Lib.csproj", "{2A32004F-56AD-49F2-8A59-BB4CE5D8BE8D}"
EndProject
Project("{FAE04EC0-301F-11D3-BF4B-00C04F79EFBC}") = "Tyuiu.KovalenkoMA.Sprint6.Task1.V28.Test", "Tyuiu.KovalenkoMA.Sprint6.Task1.V28.Test\Tyuiu.KovalenkoMA.Sprint6.Task1.V28.Test.csproj", "{0BB12727-3046-4F6C-8646-48A6B7444197}"
EndProject
Project("{FAE04EC0-301F-11D3-BF4B-00C04F79EFBC}") = "Tyuiu.KovalenkoMA.Sprint6.Task1.V28", "Tyuiu.KovalenkoMA.Sprint6.Task1.V28\Tyuiu.KovalenkoMA.Sprint6.Task1.V28.csproj", "{D526650F-2087-48F7-B79A-52F24CA54EE4}"
EndProject
Project("{FAE04EC0-301F-11D3-BF4B-00C04F79EFBC}") = "Tyuiu.KovalenkoMA.Sprint6.Task2.V1.Lib", "Tyuiu.KovalenkoMA.Sprint6.Task2.V1.Lib\Tyuiu.KovalenkoMA.Sprint6.Task2.V1.Lib.csproj", "{946B3CB6-515E-41A8-8346-45E04A4D1E76}"
EndProject
Project("{FAE04EC0-301F-11D3-BF4B-00C04F79EFBC}") = "Tyuiu.KovalenkoMA.Sprint6.Task2.V1.Test", "Tyuiu.KovalenkoMA.Sprint6.Task2.V1.Test\Tyuiu.KovalenkoMA.Sprint6.Task2.V1.Test.csproj", "{66B7E9C8-CB77-4D1C-8A5B-67ACB5C0B252}"
EndProject
Project("{FAE04EC0-301F-11D3-BF4B-00C04F79EFBC}") = "Tyuiu.KovalenkoMA.Sprint6.Task2.V1", "Tyuiu.KovalenkoMA.Sprint6.Task2.V1\Tyuiu.KovalenkoMA.Sprint6.Task2.V1.csproj", "{B6325EDC-5A6F-45CE-95A8-968096BB51F2}"
EndProject
Global
	GlobalSection(SolutionConfigurationPlatforms) = preSolution
		Debug|Any CPU = Debug|Any CPU
		Release|Any CPU = Release|Any CPU
	EndGlobalSection
	GlobalSection(ProjectConfigurationPlatforms) = postSolution
		{46446472-29F9-4EF2-8054-E078414467C0}.Debug|Any CPU.ActiveCfg = Debug|Any CPU
		{46446472-29F9-4EF2-8054-E078414467C0}.Debug|Any CPU.Build.0 = Debug|Any CPU
		{46446472-29F9-4EF2-8054-E078414467C0}.Release|Any CPU.ActiveCfg = Release|Any CPU
		{46446472-29F9-4EF2-8054-E078414467C0}.Release|Any CPU.Build.0 = Release|Any CPU
		{8FA594B7-753D-40EA-8E04-03BDAB4C3D10}.Debug|Any CPU.ActiveCfg = Debug|Any CPU
		{8FA594B7-753D-40EA-8E04-03BDAB4C3D10}.Debug|Any CPU.Build.0 = Debug|Any CPU
		{8FA594B7-753D-40EA-8E04-03BDAB4C3D10}.Release|Any CPU.ActiveCfg = Release|Any CPU
		{8FA594B7-753D-40EA-8E04-03BDAB4C3D10}.Release|Any CPU.Build.0 = Release|Any CPU
		{4C70B744-CDF8-4198-BAF3-ED70C4FD11A8}.Debug|Any CPU.ActiveCfg = Debug|Any CPU
		{4C70B744-CDF8-4198-BAF3-ED70C4FD11A8}.Debug|Any CPU.Build.0 = Debug|Any CPU
		{4C70B744-CDF8-4198-BAF3-ED70C4FD11A8}.Release|Any CPU.ActiveCfg = Release|Any CPU
		{4C70B744-CDF8-4198-BAF3-ED70C4FD11A8}.Release|Any CPU.Build.0 = Release|Any CPU
		{2A32004F-56AD-49F2-8A59-BB4CE5D8BE8D}.Debug|Any CPU.ActiveCfg = Debug|Any CPU
		{2A32004F-56AD-49F2-8A59-BB4CE5D8BE8D}.Debug|Any CPU.Build.0 = Debug|Any CPU
		{2A32004F-56AD-49F2-8A59-BB4CE5D8BE8D}.Release|Any CPU.ActiveCfg = Release|Any CPU
		{2A32004F-56AD-49F2-8A59-BB4CE5D8BE8D}.Release|Any CPU.Build.0 = Release|Any CPU
		{0BB12727-3046-4F6C-8646-48A6B7444197}.Debug|Any CPU.ActiveCfg = Debug|Any CPU
		{0BB12727-3046-4F6C-8646-48A6B7444197}.Debug|Any CPU.Build.0 = Debug|Any CPU
		{0BB12727-3046-4F6C-8646-48A6B7444197}.Release|Any CPU.ActiveCfg = Release|Any CPU
		{0BB12727-3046-4F6C-8646-48A6B7444197}.Release|Any CPU.Build.0 = Release|Any CPU
		{D526650F-2087-48F7-B79A-52F24CA54EE4}.Debug|Any CPU.ActiveCfg = Debug|Any CPU
		{D526650F-2087-48F7-B79A-52F24CA54EE4}.Debug|Any CPU.Build.0 = Debug|Any CPU
		{D526650F-2087-48F7-B79A-52F24CA54EE4}.Release|Any CPU.ActiveCfg = Release|Any CPU
		{D526650F-2087-48F7-B79A-52F24CA54EE4}.Release|Any CPU.Build.0 = Release|Any CPU
		{946B3CB6-515E-41A8-8346-45E04A4D1E76}.Debug|Any CPU.ActiveCfg = Debug|Any CPU
		{946B3CB6-515E-41A8-8346-45E04A4D1E76}.Debug|Any CPU.Build.0 = Debug|Any CPU
		{946B3CB6-515E-41A8-8346-45E04A4D1E76}.Release|Any CPU.ActiveCfg = Release|Any CPU
		{946B3CB6-515E-41A8-8346-45E04A4D1E76}.Release|Any CPU.Build.0 = Release|Any CPU
		{66B7E9C8-CB77-4D1C-8A5B-67ACB5C0B252}.Debug|Any CPU.ActiveCfg = Debug|Any CPU
		{66B7E9C8-CB77-4D1C-8A5B-67ACB5C0B252}.Debug|Any CPU.Build.0 = Debug|Any CPU
		{66B7E9C8-CB77-4D1C-8A5B-67ACB5C0B252}.Release|Any CPU.ActiveCfg = Release|Any CPU
		{66B7E9C8-CB77-4D1C-8A5B-67ACB5C0B252}.Release|Any CPU.Build.0 = Release|Any CPU
		{B6325EDC-5A6F-45CE-95A8-968096BB51F2}.Debug|Any CPU.ActiveCfg = Debug|Any CPU
		{B6325EDC-5A6F-45CE-95A8-968096BB51F2}.Debug|Any CPU.Build.0 = Debug|Any CPU
		{B6325EDC-5A6F-45CE-95A8-968096BB51F2}.Release|Any CPU.ActiveCfg = Release|Any CPU
		{B6325EDC-5A6F-45CE-95A8-968096BB51F2}.Release|Any CPU.Build.0 = Release|Any CPU
	EndGlobalSection
	GlobalSection(SolutionProperties) = preSolution
		HideSolutionNode = FALSE
	EndGlobalSection
	GlobalSection(NestedProjects) = preSolution
		{2A32004F-56AD-49F2-8A59-BB4CE5D8BE8D} = {02EA681E-C7D8-13C7-8484-4AC65E1B71E8}
		{0BB12727-3046-4F6C-8646-48A6B7444197} = {02EA681E-C7D8-13C7-8484-4AC65E1B71E8}
		{D526650F-2087-48F7-B79A-52F24CA54EE4} = {02EA681E-C7D8-13C7-8484-4AC65E1B71E8}
		{946B3CB6-515E-41A8-8346-45E04A4D1E76} = {05B57A94-1367-4B97-A0D7-8ABF10B0401A}
		{66B7E9C8-CB77-4D1C-8A5B-67ACB5C0B252} = {05B57A94-1367-4B97-A0D7-8ABF10B0401A}
		{B6325EDC-5A6F-45CE-95A8-968096BB51F2} = {05B57A94-1367-4B97-A0D7-8ABF10B0401A}
	EndGlobalSection
	GlobalSection(ExtensibilityGlobals) = postSolution
		SolutionGuid = {FC361A01-D78F-4DC9-BBD5-E2CA7E4EDFAF}
	EndGlobalSection
EndGlobal
