
Microsoft Visual Studio Solution File, Format Version 12.00
# Visual Studio Version 17
VisualStudioVersion = 17.14.36414.22
MinimumVisualStudioVersion = 10.0.40219.1
Project("{FAE04EC0-301F-11D3-BF4B-00C04F79EFBC}") = "Tyuiu.KovalenkoMA.Sprint6.Task0.V18.Lib", "Tyuiu.KovalenkoMA.Sprint6.Task0.V18.Lib\Tyuiu.KovalenkoMA.Sprint6.Task0.V18.Lib.csproj", "{46446472-29F9-4EF2-8054-E078414467C0}"
EndProject
Project("{FAE04EC0-301F-11D3-BF4B-00C04F79EFBC}") = "Tyuiu.KovalenkoMA.Sprint6.Task0.V18.Test", "Tyuiu.KovalenkoMA.Sprint6.Task0.V18.Test\Tyuiu.KovalenkoMA.Sprint6.Task0.V18.Test.csproj", "{8FA594B7-753D-40EA-8E04-03BDAB4C3D10}"
EndProject
Project("{2150E333-8FDC-42A3-9474-1A3956D46DE8}") = "Task1", "Task1", "{02EA681E-C7D8-13C7-8484-4AC65E1B71E8}"
EndProject
Project("{2150E333-8FDC-42A3-9474-1A3956D46DE8}") = "Task2", "Task2", "{05B57A94-1367-4B97-A0D7-8ABF10B0401A}"
EndProject
Project("{2150E333-8FDC-42A3-9474-1A3956D46DE8}") = "Task3", "Task3", "{49BA7A8A-6DB4-404B-9F20-4B1D3DD6D3C3}"
EndProject
Project("{2150E333-8FDC-42A3-9474-1A3956D46DE8}") = "Task4", "Task4", "{2FEFEC8F-A563-4A71-98A6-091FBAB3A4A9}"
EndProject
Project("{2150E333-8FDC-42A3-9474-1A3956D46DE8}") = "Task5", "Task5", "{1AB3B3CD-861C-4EA2-A0EE-D139A42E2BBE}"
EndProject
Project("{2150E333-8FDC-42A3-9474-1A3956D46DE8}") = "Task6", "Task6", "{FC890232-DF62-41E8-87C4-7A45FF5B4A88}"
EndProject
Project("{2150E333-8FDC-42A3-9474-1A3956D46DE8}") = "Task7", "Task7", "{EBBD55FE-8E7D-4D41-91D8-C70E8438BB82}"
EndProject
Project("{FAE04EC0-301F-11D3-BF4B-00C04F79EFBC}") = "Tyuiu.KovalenkoMA.Sprint6.Task0.V18", "Tyuiu.KovalenkoMA.Sprint6.Task0.V18\Tyuiu.KovalenkoMA.Sprint6.Task0.V18.csproj", "{4C70B744-CDF8-4198-BAF3-ED70C4FD11A8}"
EndProject
Project("{FAE04EC0-301F-11D3-BF4B-00C04F79EFBC}") = "Tyuiu.KovalenkoMA.Sprint6.Task1.V28.Lib", "Tyuiu.KovalenkoMA.Sprint6.Task1.V28.Lib\Tyuiu.KovalenkoMA.Sprint6.Task1.V28.Lib.csproj", "{2A32004F-56AD-49F2-8A59-BB4CE5D8BE8D}"
EndProject
Project("{FAE04EC0-301F-11D3-BF4B-00C04F79EFBC}") = "Tyuiu.KovalenkoMA.Sprint6.Task1.V28.Test", "Tyuiu.KovalenkoMA.Sprint6.Task1.V28.Test\Tyuiu.KovalenkoMA.Sprint6.Task1.V28.Test.csproj", "{0BB12727-3046-4F6C-8646-48A6B7444197}"
EndProject
Project("{FAE04EC0-301F-11D3-BF4B-00C04F79EFBC}") = "Tyuiu.KovalenkoMA.Sprint6.Task1.V28", "Tyuiu.KovalenkoMA.Sprint6.Task1.V28\Tyuiu.KovalenkoMA.Sprint6.Task1.V28.csproj", "{D526650F-2087-48F7-B79A-52F24CA54EE4}"
EndProject
Project("{FAE04EC0-301F-11D3-BF4B-00C04F79EFBC}") = "Tyuiu.KovalenkoMA.Sprint6.Task2.V1.Lib", "Tyuiu.KovalenkoMA.Sprint6.Task2.V1.Lib\Tyuiu.KovalenkoMA.Sprint6.Task2.V1.Lib.csproj", "{946B3CB6-515E-41A8-8346-45E04A4D1E76}"
EndProject
Project("{FAE04EC0-301F-11D3-BF4B-00C04F79EFBC}") = "Tyuiu.KovalenkoMA.Sprint6.Task2.V1.Test", "Tyuiu.KovalenkoMA.Sprint6.Task2.V1.Test\Tyuiu.KovalenkoMA.Sprint6.Task2.V1.Test.csproj", "{66B7E9C8-CB77-4D1C-8A5B-67ACB5C0B252}"
EndProject
Project("{FAE04EC0-301F-11D3-BF4B-00C04F79EFBC}") = "Tyuiu.KovalenkoMA.Sprint6.Task2.V1", "Tyuiu.KovalenkoMA.Sprint6.Task2.V1\Tyuiu.KovalenkoMA.Sprint6.Task2.V1.csproj", "{B6325EDC-5A6F-45CE-95A8-968096BB51F2}"
EndProject
Project("{FAE04EC0-301F-11D3-BF4B-00C04F79EFBC}") = "Tyuiu.KovalenkoMA.Sprint6.Task3.V4.Lib", "Tyuiu.KovalenkoMA.Sprint6.Task3.V4.Lib\Tyuiu.KovalenkoMA.Sprint6.Task3.V4.Lib.csproj", "{D43FE82F-E592-4CDE-B1D9-2276511DAD3F}"
EndProject
Project("{FAE04EC0-301F-11D3-BF4B-00C04F79EFBC}") = "Tyuiu.KovalenkoMA.Sprint6.Task3.V4.Test", "Tyuiu.KovalenkoMA.Sprint6.Task3.V4.Test\Tyuiu.KovalenkoMA.Sprint6.Task3.V4.Test.csproj", "{66B2B503-97F7-407E-905F-8D211D4F458D}"
EndProject
Project("{FAE04EC0-301F-11D3-BF4B-00C04F79EFBC}") = "Tyuiu.KovalenkoMA.Sprint6.Task3.V4", "Tyuiu.KovalenkoMA.Sprint6.Task3.V4\Tyuiu.KovalenkoMA.Sprint6.Task3.V4.csproj", "{7079A3FF-9BB7-4B9D-9DD8-88C9532F0DF2}"
EndProject
Project("{FAE04EC0-301F-11D3-BF4B-00C04F79EFBC}") = "Tyuiu.KovalenkoMA.Sprint6.Task4.V12.Lib", "Tyuiu.KovalenkoMA.Sprint6.Task4.V12.Lib\Tyuiu.KovalenkoMA.Sprint6.Task4.V12.Lib.csproj", "{1883D5BB-901B-4844-B2E5-DF7315DB336F}"
EndProject
Project("{FAE04EC0-301F-11D3-BF4B-00C04F79EFBC}") = "Tyuiu.KovalenkoMA.Sprint6.Task4.V12.Test", "Tyuiu.KovalenkoMA.Sprint6.Task4.V12.Test\Tyuiu.KovalenkoMA.Sprint6.Task4.V12.Test.csproj", "{0AE04566-6EEB-4EA0-A35A-D91A9EABDA04}"
EndProject
Project("{FAE04EC0-301F-11D3-BF4B-00C04F79EFBC}") = "Tyuiu.KovalenkoMA.Sprint6.Task4.V12", "Tyuiu.KovalenkoMA.Sprint6.Task4.V12\Tyuiu.KovalenkoMA.Sprint6.Task4.V12.csproj", "{0CA53A95-65FE-4E27-952A-4BA67608850F}"
EndProject
Project("{FAE04EC0-301F-11D3-BF4B-00C04F79EFBC}") = "Tyuiu.KovalenkoMA.Sprint6.Task5.V4.Lib", "Tyuiu.KovalenkoMA.Sprint6.Task5.V4.Lib\Tyuiu.KovalenkoMA.Sprint6.Task5.V4.Lib.csproj", "{B6636246-69F6-42EF-ADD3-9BCC35600A3E}"
EndProject
Project("{FAE04EC0-301F-11D3-BF4B-00C04F79EFBC}") = "Tyuiu.KovalenkoMA.Sprint6.Task5.V4.Test", "Tyuiu.KovalenkoMA.Sprint6.Task5.V4.Test\Tyuiu.KovalenkoMA.Sprint6.Task5.V4.Test.csproj", "{50F1AB1B-BFCE-4817-A0EE-3364E668FE16}"
EndProject
Project("{FAE04EC0-301F-11D3-BF4B-00C04F79EFBC}") = "Tyuiu.KovalenkoMA.Sprint6.Task5.V4", "Tyuiu.KovalenkoMA.Sprint6.Task5.V4\Tyuiu.KovalenkoMA.Sprint6.Task5.V4.csproj", "{7763A9D3-500A-4FCE-BB8E-9D77191F4725}"
EndProject
Project("{FAE04EC0-301F-11D3-BF4B-00C04F79EFBC}") = "Tyuiu.KovalenkoMA.Sprint6.Task6.V26.Lib", "Tyuiu.KovalenkoMA.Sprint6.Task6.V26.Lib\Tyuiu.KovalenkoMA.Sprint6.Task6.V26.Lib.csproj", "{7AF83B65-4D57-4807-971C-F084065D5A96}"
EndProject
Project("{FAE04EC0-301F-11D3-BF4B-00C04F79EFBC}") = "Tyuiu.KovalenkoMA.Sprint6.Task6.V26.Test", "Tyuiu.KovalenkoMA.Sprint6.Task6.V26.Test\Tyuiu.KovalenkoMA.Sprint6.Task6.V26.Test.csproj", "{32D27743-2ECF-4CD8-B4B8-916501B3B059}"
EndProject
Project("{FAE04EC0-301F-11D3-BF4B-00C04F79EFBC}") = "Tyuiu.KovalenkoMA.Sprint6.Task6.V26", "Tyuiu.KovalenkoMA.Sprint6.Task6.V26\Tyuiu.KovalenkoMA.Sprint6.Task6.V26.csproj", "{1A2C49D5-C22E-4CDF-B931-887D7611AFB3}"
EndProject
Global
	GlobalSection(SolutionConfigurationPlatforms) = preSolution
		Debug|Any CPU = Debug|Any CPU
		Release|Any CPU = Release|Any CPU
	EndGlobalSection
	GlobalSection(ProjectConfigurationPlatforms) = postSolution
		{46446472-29F9-4EF2-8054-E078414467C0}.Debug|Any CPU.ActiveCfg = Debug|Any CPU
		{46446472-29F9-4EF2-8054-E078414467C0}.Debug|Any CPU.Build.0 = Debug|Any CPU
		{46446472-29F9-4EF2-8054-E078414467C0}.Release|Any CPU.ActiveCfg = Release|Any CPU
		{46446472-29F9-4EF2-8054-E078414467C0}.Release|Any CPU.Build.0 = Release|Any CPU
		{8FA594B7-753D-40EA-8E04-03BDAB4C3D10}.Debug|Any CPU.ActiveCfg = Debug|Any CPU
		{8FA594B7-753D-40EA-8E04-03BDAB4C3D10}.Debug|Any CPU.Build.0 = Debug|Any CPU
		{8FA594B7-753D-40EA-8E04-03BDAB4C3D10}.Release|Any CPU.ActiveCfg = Release|Any CPU
		{8FA594B7-753D-40EA-8E04-03BDAB4C3D10}.Release|Any CPU.Build.0 = Release|Any CPU
		{4C70B744-CDF8-4198-BAF3-ED70C4FD11A8}.Debug|Any CPU.ActiveCfg = Debug|Any CPU
		{4C70B744-CDF8-4198-BAF3-ED70C4FD11A8}.Debug|Any CPU.Build.0 = Debug|Any CPU
		{4C70B744-CDF8-4198-BAF3-ED70C4FD11A8}.Release|Any CPU.ActiveCfg = Release|Any CPU
		{4C70B744-CDF8-4198-BAF3-ED70C4FD11A8}.Release|Any CPU.Build.0 = Release|Any CPU
		{2A32004F-56AD-49F2-8A59-BB4CE5D8BE8D}.Debug|Any CPU.ActiveCfg = Debug|Any CPU
		{2A32004F-56AD-49F2-8A59-BB4CE5D8BE8D}.Debug|Any CPU.Build.0 = Debug|Any CPU
		{2A32004F-56AD-49F2-8A59-BB4CE5D8BE8D}.Release|Any CPU.ActiveCfg = Release|Any CPU
		{2A32004F-56AD-49F2-8A59-BB4CE5D8BE8D}.Release|Any CPU.Build.0 = Release|Any CPU
		{0BB12727-3046-4F6C-8646-48A6B7444197}.Debug|Any CPU.ActiveCfg = Debug|Any CPU
		{0BB12727-3046-4F6C-8646-48A6B7444197}.Debug|Any CPU.Build.0 = Debug|Any CPU
		{0BB12727-3046-4F6C-8646-48A6B7444197}.Release|Any CPU.ActiveCfg = Release|Any CPU
		{0BB12727-3046-4F6C-8646-48A6B7444197}.Release|Any CPU.Build.0 = Release|Any CPU
		{D526650F-2087-48F7-B79A-52F24CA54EE4}.Debug|Any CPU.ActiveCfg = Debug|Any CPU
		{D526650F-2087-48F7-B79A-52F24CA54EE4}.Debug|Any CPU.Build.0 = Debug|Any CPU
		{D526650F-2087-48F7-B79A-52F24CA54EE4}.Release|Any CPU.ActiveCfg = Release|Any CPU
		{D526650F-2087-48F7-B79A-52F24CA54EE4}.Release|Any CPU.Build.0 = Release|Any CPU
		{946B3CB6-515E-41A8-8346-45E04A4D1E76}.Debug|Any CPU.ActiveCfg = Debug|Any CPU
		{946B3CB6-515E-41A8-8346-45E04A4D1E76}.Debug|Any CPU.Build.0 = Debug|Any CPU
		{946B3CB6-515E-41A8-8346-45E04A4D1E76}.Release|Any CPU.ActiveCfg = Release|Any CPU
		{946B3CB6-515E-41A8-8346-45E04A4D1E76}.Release|Any CPU.Build.0 = Release|Any CPU
		{66B7E9C8-CB77-4D1C-8A5B-67ACB5C0B252}.Debug|Any CPU.ActiveCfg = Debug|Any CPU
		{66B7E9C8-CB77-4D1C-8A5B-67ACB5C0B252}.Debug|Any CPU.Build.0 = Debug|Any CPU
		{66B7E9C8-CB77-4D1C-8A5B-67ACB5C0B252}.Release|Any CPU.ActiveCfg = Release|Any CPU
		{66B7E9C8-CB77-4D1C-8A5B-67ACB5C0B252}.Release|Any CPU.Build.0 = Release|Any CPU
		{B6325EDC-5A6F-45CE-95A8-968096BB51F2}.Debug|Any CPU.ActiveCfg = Debug|Any CPU
		{B6325EDC-5A6F-45CE-95A8-968096BB51F2}.Debug|Any CPU.Build.0 = Debug|Any CPU
		{B6325EDC-5A6F-45CE-95A8-968096BB51F2}.Release|Any CPU.ActiveCfg = Release|Any CPU
		{B6325EDC-5A6F-45CE-95A8-968096BB51F2}.Release|Any CPU.Build.0 = Release|Any CPU
		{D43FE82F-E592-4CDE-B1D9-2276511DAD3F}.Debug|Any CPU.ActiveCfg = Debug|Any CPU
		{D43FE82F-E592-4CDE-B1D9-2276511DAD3F}.Debug|Any CPU.Build.0 = Debug|Any CPU
		{D43FE82F-E592-4CDE-B1D9-2276511DAD3F}.Release|Any CPU.ActiveCfg = Release|Any CPU
		{D43FE82F-E592-4CDE-B1D9-2276511DAD3F}.Release|Any CPU.Build.0 = Release|Any CPU
		{66B2B503-97F7-407E-905F-8D211D4F458D}.Debug|Any CPU.ActiveCfg = Debug|Any CPU
		{66B2B503-97F7-407E-905F-8D211D4F458D}.Debug|Any CPU.Build.0 = Debug|Any CPU
		{66B2B503-97F7-407E-905F-8D211D4F458D}.Release|Any CPU.ActiveCfg = Release|Any CPU
		{66B2B503-97F7-407E-905F-8D211D4F458D}.Release|Any CPU.Build.0 = Release|Any CPU
		{7079A3FF-9BB7-4B9D-9DD8-88C9532F0DF2}.Debug|Any CPU.ActiveCfg = Debug|Any CPU
		{7079A3FF-9BB7-4B9D-9DD8-88C9532F0DF2}.Debug|Any CPU.Build.0 = Debug|Any CPU
		{7079A3FF-9BB7-4B9D-9DD8-88C9532F0DF2}.Release|Any CPU.ActiveCfg = Release|Any CPU
		{7079A3FF-9BB7-4B9D-9DD8-88C9532F0DF2}.Release|Any CPU.Build.0 = Release|Any CPU
		{1883D5BB-901B-4844-B2E5-DF7315DB336F}.Debug|Any CPU.ActiveCfg = Debug|Any CPU
		{1883D5BB-901B-4844-B2E5-DF7315DB336F}.Debug|Any CPU.Build.0 = Debug|Any CPU
		{1883D5BB-901B-4844-B2E5-DF7315DB336F}.Release|Any CPU.ActiveCfg = Release|Any CPU
		{1883D5BB-901B-4844-B2E5-DF7315DB336F}.Release|Any CPU.Build.0 = Release|Any CPU
		{0AE04566-6EEB-4EA0-A35A-D91A9EABDA04}.Debug|Any CPU.ActiveCfg = Debug|Any CPU
		{0AE04566-6EEB-4EA0-A35A-D91A9EABDA04}.Debug|Any CPU.Build.0 = Debug|Any CPU
		{0AE04566-6EEB-4EA0-A35A-D91A9EABDA04}.Release|Any CPU.ActiveCfg = Release|Any CPU
		{0AE04566-6EEB-4EA0-A35A-D91A9EABDA04}.Release|Any CPU.Build.0 = Release|Any CPU
		{0CA53A95-65FE-4E27-952A-4BA67608850F}.Debug|Any CPU.ActiveCfg = Debug|Any CPU
		{0CA53A95-65FE-4E27-952A-4BA67608850F}.Debug|Any CPU.Build.0 = Debug|Any CPU
		{0CA53A95-65FE-4E27-952A-4BA67608850F}.Release|Any CPU.ActiveCfg = Release|Any CPU
		{0CA53A95-65FE-4E27-952A-4BA67608850F}.Release|Any CPU.Build.0 = Release|Any CPU
		{B6636246-69F6-42EF-ADD3-9BCC35600A3E}.Debug|Any CPU.ActiveCfg = Debug|Any CPU
		{B6636246-69F6-42EF-ADD3-9BCC35600A3E}.Debug|Any CPU.Build.0 = Debug|Any CPU
		{B6636246-69F6-42EF-ADD3-9BCC35600A3E}.Release|Any CPU.ActiveCfg = Release|Any CPU
		{B6636246-69F6-42EF-ADD3-9BCC35600A3E}.Release|Any CPU.Build.0 = Release|Any CPU
		{50F1AB1B-BFCE-4817-A0EE-3364E668FE16}.Debug|Any CPU.ActiveCfg = Debug|Any CPU
		{50F1AB1B-BFCE-4817-A0EE-3364E668FE16}.Debug|Any CPU.Build.0 = Debug|Any CPU
		{50F1AB1B-BFCE-4817-A0EE-3364E668FE16}.Release|Any CPU.ActiveCfg = Release|Any CPU
		{50F1AB1B-BFCE-4817-A0EE-3364E668FE16}.Release|Any CPU.Build.0 = Release|Any CPU
		{7763A9D3-500A-4FCE-BB8E-9D77191F4725}.Debug|Any CPU.ActiveCfg = Debug|Any CPU
		{7763A9D3-500A-4FCE-BB8E-9D77191F4725}.Debug|Any CPU.Build.0 = Debug|Any CPU
		{7763A9D3-500A-4FCE-BB8E-9D77191F4725}.Release|Any CPU.ActiveCfg = Release|Any CPU
		{7763A9D3-500A-4FCE-BB8E-9D77191F4725}.Release|Any CPU.Build.0 = Release|Any CPU
		{7AF83B65-4D57-4807-971C-F084065D5A96}.Debug|Any CPU.ActiveCfg = Debug|Any CPU
		{7AF83B65-4D57-4807-971C-F084065D5A96}.Debug|Any CPU.Build.0 = Debug|Any CPU
		{7AF83B65-4D57-4807-971C-F084065D5A96}.Release|Any CPU.ActiveCfg = Release|Any CPU
		{7AF83B65-4D57-4807-971C-F084065D5A96}.Release|Any CPU.Build.0 = Release|Any CPU
		{32D27743-2ECF-4CD8-B4B8-916501B3B059}.Debug|Any CPU.ActiveCfg = Debug|Any CPU
		{32D27743-2ECF-4CD8-B4B8-916501B3B059}.Debug|Any CPU.Build.0 = Debug|Any CPU
		{32D27743-2ECF-4CD8-B4B8-916501B3B059}.Release|Any CPU.ActiveCfg = Release|Any CPU
		{32D27743-2ECF-4CD8-B4B8-916501B3B059}.Release|Any CPU.Build.0 = Release|Any CPU
		{1A2C49D5-C22E-4CDF-B931-887D7611AFB3}.Debug|Any CPU.ActiveCfg = Debug|Any CPU
		{1A2C49D5-C22E-4CDF-B931-887D7611AFB3}.Debug|Any CPU.Build.0 = Debug|Any CPU
		{1A2C49D5-C22E-4CDF-B931-887D7611AFB3}.Release|Any CPU.ActiveCfg = Release|Any CPU
		{1A2C49D5-C22E-4CDF-B931-887D7611AFB3}.Release|Any CPU.Build.0 = Release|Any CPU
	EndGlobalSection
	GlobalSection(SolutionProperties) = preSolution
		HideSolutionNode = FALSE
	EndGlobalSection
	GlobalSection(NestedProjects) = preSolution
		{2A32004F-56AD-49F2-8A59-BB4CE5D8BE8D} = {02EA681E-C7D8-13C7-8484-4AC65E1B71E8}
		{0BB12727-3046-4F6C-8646-48A6B7444197} = {02EA681E-C7D8-13C7-8484-4AC65E1B71E8}
		{D526650F-2087-48F7-B79A-52F24CA54EE4} = {02EA681E-C7D8-13C7-8484-4AC65E1B71E8}
		{946B3CB6-515E-41A8-8346-45E04A4D1E76} = {05B57A94-1367-4B97-A0D7-8ABF10B0401A}
		{66B7E9C8-CB77-4D1C-8A5B-67ACB5C0B252} = {05B57A94-1367-4B97-A0D7-8ABF10B0401A}
		{B6325EDC-5A6F-45CE-95A8-968096BB51F2} = {05B57A94-1367-4B97-A0D7-8ABF10B0401A}
		{D43FE82F-E592-4CDE-B1D9-2276511DAD3F} = {49BA7A8A-6DB4-404B-9F20-4B1D3DD6D3C3}
		{66B2B503-97F7-407E-905F-8D211D4F458D} = {49BA7A8A-6DB4-404B-9F20-4B1D3DD6D3C3}
		{7079A3FF-9BB7-4B9D-9DD8-88C9532F0DF2} = {49BA7A8A-6DB4-404B-9F20-4B1D3DD6D3C3}
		{1883D5BB-901B-4844-B2E5-DF7315DB336F} = {2FEFEC8F-A563-4A71-98A6-091FBAB3A4A9}
		{0AE04566-6EEB-4EA0-A35A-D91A9EABDA04} = {2FEFEC8F-A563-4A71-98A6-091FBAB3A4A9}
		{0CA53A95-65FE-4E27-952A-4BA67608850F} = {2FEFEC8F-A563-4A71-98A6-091FBAB3A4A9}
		{B6636246-69F6-42EF-ADD3-9BCC35600A3E} = {1AB3B3CD-861C-4EA2-A0EE-D139A42E2BBE}
		{50F1AB1B-BFCE-4817-A0EE-3364E668FE16} = {1AB3B3CD-861C-4EA2-A0EE-D139A42E2BBE}
		{7763A9D3-500A-4FCE-BB8E-9D77191F4725} = {1AB3B3CD-861C-4EA2-A0EE-D139A42E2BBE}
		{7AF83B65-4D57-4807-971C-F084065D5A96} = {FC890232-DF62-41E8-87C4-7A45FF5B4A88}
		{32D27743-2ECF-4CD8-B4B8-916501B3B059} = {FC890232-DF62-41E8-87C4-7A45FF5B4A88}
		{1A2C49D5-C22E-4CDF-B931-887D7611AFB3} = {FC890232-DF62-41E8-87C4-7A45FF5B4A88}
	EndGlobalSection
	GlobalSection(ExtensibilityGlobals) = postSolution
		SolutionGuid = {FC361A01-D78F-4DC9-BBD5-E2CA7E4EDFAF}
	EndGlobalSection
EndGlobal
